github.com/ieshan/idx v1.3.2 h1:Z+nQhNXTYeF569jKkMk94U4GM8Oz/8XURgfHiiKz99U=
github.com/ieshan/idx v1.3.2/go.mod h1:tFNyx3HW68C5eFsJdNPMZVg7HovCgaTCHHIveG5QvqQ=
github.com/ieshan/nakusp v1.0.13 h1:gbdQavqcxBO9vup22nCJbziZ8ncAKKMFqRZWHkp7eBw=
github.com/ieshan/nakusp v1.0.13/go.mod h1:t0n4EBFcdzyagtyHwvZjGH0K/FAjLJiUqcssuuG+FyM=
github.com/mattn/go-sqlite3 v1.14.47 h1:jOBI62gS7nKeZv+as1oGEy0+1qISgXwH/QBlR6KbfIo=
github.com/mattn/go-sqlite3 v1.14.47/go.mod h1:6JTjA44L93a0QCyJef5YvlPoKXntQPjzWv5gtm9sB6w=
github.com/mattn/go-sqlite3 v1.14.50 h1:dmdFvo1XG4MPzA4IkAmE9upVz/Nj31uRoM5+jC8hYbY=
github.com/mattn/go-sqlite3 v1.14.50/go.mod h1:6JTjA44L93a0QCyJef5YvlPoKXntQPjzWv5gtm9sB6w=
github.com/oklog/ulid/v2 v2.1.1 h1:suPZ4ARWLOJLegGFiZZ1dFAkqzhMjL3J1TzI+5wHz8s=
github.com/oklog/ulid/v2 v2.1.1/go.mod h1:rcEKHmBBKfef9DhnvX7y1HZBYxjXb0cP5ExxNsTT1QQ=
github.com/pborman/getopt v0.0.0-20170112200414-7148bc3a4c30/go.mod h1:85jBQOZwpVEaDAr341tbn15RS4fCAsIst0qp7i8ex1o=
